
Microsoft Visual Studio Solution File, Format Version 12.00
# Visual Studio Version 17
VisualStudioVersion = 17.0.31903.59
MinimumVisualStudioVersion = 10.0.40219.1
Project("{2150E333-8FDC-42A3-9474-1A3956D46DE8}") = "FrontEnd", "FrontEnd", "{31AA90B0-2648-48C0-B508-FA334BA68877}"
EndProject
Project("{2150E333-8FDC-42A3-9474-1A3956D46DE8}") = "Services", "Services", "{EB098674-C104-4532-A94E-3680EF8F9ABF}"
EndProject
Project("{FAE04EC0-301F-11D3-BF4B-00C04F79EFBC}") = "GeekShopping.Web", "FrontEnd\GeekShopping.Web\GeekShopping.Web.csproj", "{5CBB857E-4110-4094-A5CC-06F200997453}"
EndProject
Project("{FAE04EC0-301F-11D3-BF4B-00C04F79EFBC}") = "GeekShopping.CartAPI", "Services\GeekShopping.CartAPI\GeekShopping.CartAPI.csproj", "{F68F65DF-24B2-4879-9D89-F948A5C9266E}"
EndProject
Project("{FAE04EC0-301F-11D3-BF4B-00C04F79EFBC}") = "GeekShopping.CouponAPI", "Services\GeekShopping.CouponAPI\GeekShopping.CouponAPI.csproj", "{9E77473E-632C-4735-8FD9-9ED48DAE8FB4}"
EndProject
Project("{FAE04EC0-301F-11D3-BF4B-00C04F79EFBC}") = "GeekShopping.IdentityServer", "Services\GeekShopping.IdentityServer\GeekShopping.IdentityServer.csproj", "{49DBD7AF-70C4-4D69-9516-1B9BE9E8201B}"
EndProject
Project("{FAE04EC0-301F-11D3-BF4B-00C04F79EFBC}") = "GeekShopping.ProductAPI", "Services\GeekShopping.ProductAPI\GeekShopping.ProductAPI.csproj", "{403D670E-3DE7-4D96-B254-1CBF1535301D}"
EndProject
Project("{2150E333-8FDC-42A3-9474-1A3956D46DE8}") = "Integration", "Integration", "{209500F9-BC7C-4A39-B078-ED90236D83FE}"
EndProject
Project("{FAE04EC0-301F-11D3-BF4B-00C04F79EFBC}") = "GeekShopping.MessageBus", "Integration\GeekShopping.MessageBus\GeekShopping.MessageBus.csproj", "{6CBF7F48-4942-4575-9AA6-FC1299705AF2}"
EndProject
Global
	GlobalSection(SolutionConfigurationPlatforms) = preSolution
		Debug|Any CPU = Debug|Any CPU
		Release|Any CPU = Release|Any CPU
	EndGlobalSection
	GlobalSection(SolutionProperties) = preSolution
		HideSolutionNode = FALSE
	EndGlobalSection
	GlobalSection(ProjectConfigurationPlatforms) = postSolution
		{5CBB857E-4110-4094-A5CC-06F200997453}.Debug|Any CPU.ActiveCfg = Debug|Any CPU
		{5CBB857E-4110-4094-A5CC-06F200997453}.Debug|Any CPU.Build.0 = Debug|Any CPU
		{5CBB857E-4110-4094-A5CC-06F200997453}.Release|Any CPU.ActiveCfg = Release|Any CPU
		{5CBB857E-4110-4094-A5CC-06F200997453}.Release|Any CPU.Build.0 = Release|Any CPU
		{F68F65DF-24B2-4879-9D89-F948A5C9266E}.Debug|Any CPU.ActiveCfg = Debug|Any CPU
		{F68F65DF-24B2-4879-9D89-F948A5C9266E}.Debug|Any CPU.Build.0 = Debug|Any CPU
		{F68F65DF-24B2-4879-9D89-F948A5C9266E}.Release|Any CPU.ActiveCfg = Release|Any CPU
		{F68F65DF-24B2-4879-9D89-F948A5C9266E}.Release|Any CPU.Build.0 = Release|Any CPU
		{9E77473E-632C-4735-8FD9-9ED48DAE8FB4}.Debug|Any CPU.ActiveCfg = Debug|Any CPU
		{9E77473E-632C-4735-8FD9-9ED48DAE8FB4}.Debug|Any CPU.Build.0 = Debug|Any CPU
		{9E77473E-632C-4735-8FD9-9ED48DAE8FB4}.Release|Any CPU.ActiveCfg = Release|Any CPU
		{9E77473E-632C-4735-8FD9-9ED48DAE8FB4}.Release|Any CPU.Build.0 = Release|Any CPU
		{49DBD7AF-70C4-4D69-9516-1B9BE9E8201B}.Debug|Any CPU.ActiveCfg = Debug|Any CPU
		{49DBD7AF-70C4-4D69-9516-1B9BE9E8201B}.Debug|Any CPU.Build.0 = Debug|Any CPU
		{49DBD7AF-70C4-4D69-9516-1B9BE9E8201B}.Release|Any CPU.ActiveCfg = Release|Any CPU
		{49DBD7AF-70C4-4D69-9516-1B9BE9E8201B}.Release|Any CPU.Build.0 = Release|Any CPU
		{403D670E-3DE7-4D96-B254-1CBF1535301D}.Debug|Any CPU.ActiveCfg = Debug|Any CPU
		{403D670E-3DE7-4D96-B254-1CBF1535301D}.Debug|Any CPU.Build.0 = Debug|Any CPU
		{403D670E-3DE7-4D96-B254-1CBF1535301D}.Release|Any CPU.ActiveCfg = Release|Any CPU
		{403D670E-3DE7-4D96-B254-1CBF1535301D}.Release|Any CPU.Build.0 = Release|Any CPU
		{6CBF7F48-4942-4575-9AA6-FC1299705AF2}.Debug|Any CPU.ActiveCfg = Debug|Any CPU
		{6CBF7F48-4942-4575-9AA6-FC1299705AF2}.Debug|Any CPU.Build.0 = Debug|Any CPU
		{6CBF7F48-4942-4575-9AA6-FC1299705AF2}.Release|Any CPU.ActiveCfg = Release|Any CPU
		{6CBF7F48-4942-4575-9AA6-FC1299705AF2}.Release|Any CPU.Build.0 = Release|Any CPU
	EndGlobalSection
	GlobalSection(NestedProjects) = preSolution
		{5CBB857E-4110-4094-A5CC-06F200997453} = {31AA90B0-2648-48C0-B508-FA334BA68877}
		{F68F65DF-24B2-4879-9D89-F948A5C9266E} = {EB098674-C104-4532-A94E-3680EF8F9ABF}
		{9E77473E-632C-4735-8FD9-9ED48DAE8FB4} = {EB098674-C104-4532-A94E-3680EF8F9ABF}
		{49DBD7AF-70C4-4D69-9516-1B9BE9E8201B} = {EB098674-C104-4532-A94E-3680EF8F9ABF}
		{403D670E-3DE7-4D96-B254-1CBF1535301D} = {EB098674-C104-4532-A94E-3680EF8F9ABF}
		{6CBF7F48-4942-4575-9AA6-FC1299705AF2} = {209500F9-BC7C-4A39-B078-ED90236D83FE}
	EndGlobalSection
EndGlobal
